
Microsoft Visual Studio Solution File, Format Version 11.00
# Visual Studio 2010
Project("{FAE04EC0-301F-11D3-BF4B-00C04F79EFBC}") = "Assembly-CSharp", "Assembly-CSharp.csproj", "{380c52d6-e141-0c66-423d-2848b0d530b3}"
EndProject
Project("{FAE04EC0-301F-11D3-BF4B-00C04F79EFBC}") = "Assembly-CSharp-Editor", "Assembly-CSharp-Editor.csproj", "{f2be4144-b3c8-6c21-908f-2175118f9355}"
EndProject
Global
	GlobalSection(SolutionConfigurationPlatforms) = preSolution
		Debug|Any CPU = Debug|Any CPU
		Release|Any CPU = Release|Any CPU
	EndGlobalSection
	GlobalSection(ProjectConfigurationPlatforms) = postSolution
		{380c52d6-e141-0c66-423d-2848b0d530b3}.Debug|Any CPU.ActiveCfg = Debug|Any CPU
		{380c52d6-e141-0c66-423d-2848b0d530b3}.Debug|Any CPU.Build.0 = Debug|Any CPU
		{380c52d6-e141-0c66-423d-2848b0d530b3}.Release|Any CPU.ActiveCfg = Release|Any CPU
		{380c52d6-e141-0c66-423d-2848b0d530b3}.Release|Any CPU.Build.0 = Release|Any CPU
		{f2be4144-b3c8-6c21-908f-2175118f9355}.Debug|Any CPU.ActiveCfg = Debug|Any CPU
		{f2be4144-b3c8-6c21-908f-2175118f9355}.Debug|Any CPU.Build.0 = Debug|Any CPU
		{f2be4144-b3c8-6c21-908f-2175118f9355}.Release|Any CPU.ActiveCfg = Release|Any CPU
		{f2be4144-b3c8-6c21-908f-2175118f9355}.Release|Any CPU.Build.0 = Release|Any CPU
	EndGlobalSection
	GlobalSection(SolutionProperties) = preSolution
		HideSolutionNode = FALSE
	EndGlobalSection
EndGlobal
